
Microsoft Visual Studio Solution File, Format Version 12.00
# Visual Studio 2012
Project("{8BC9CEB8-8B4A-11D0-8D11-00A0C91BC942}") = "TrimWhiteSpace", "TrimWhiteSpace\TrimWhiteSpace.vcxproj", "{3F7D24CF-CC5D-49C1-AD99-B989E8DD177E}"
EndProject
Global
	GlobalSection(SolutionConfigurationPlatforms) = preSolution
		Debug|Win32 = Debug|Win32
		Release|Win32 = Release|Win32
	EndGlobalSection
	GlobalSection(ProjectConfigurationPlatforms) = postSolution
		{3F7D24CF-CC5D-49C1-AD99-B989E8DD177E}.Debug|Win32.ActiveCfg = Debug|Win32
		{3F7D24CF-CC5D-49C1-AD99-B989E8DD177E}.Debug|Win32.Build.0 = Debug|Win32
		{3F7D24CF-CC5D-49C1-AD99-B989E8DD177E}.Release|Win32.ActiveCfg = Release|Win32
		{3F7D24CF-CC5D-49C1-AD99-B989E8DD177E}.Release|Win32.Build.0 = Release|Win32
	EndGlobalSection
	GlobalSection(SolutionProperties) = preSolution
		HideSolutionNode = FALSE
	EndGlobalSection
EndGlobal
