
Microsoft Visual Studio Solution File, Format Version 12.00
# Visual Studio 2012
Project("{8BC9CEB8-8B4A-11D0-8D11-00A0C91BC942}") = "Device", "Device\Device.vcxproj", "{03ED688B-F818-4B71-BE36-D7812E5F6441}"
EndProject
Global
	GlobalSection(SolutionConfigurationPlatforms) = preSolution
		Debug|Win32 = Debug|Win32
		Release|Win32 = Release|Win32
	EndGlobalSection
	GlobalSection(ProjectConfigurationPlatforms) = postSolution
		{03ED688B-F818-4B71-BE36-D7812E5F6441}.Debug|Win32.ActiveCfg = Debug|Win32
		{03ED688B-F818-4B71-BE36-D7812E5F6441}.Debug|Win32.Build.0 = Debug|Win32
		{03ED688B-F818-4B71-BE36-D7812E5F6441}.Release|Win32.ActiveCfg = Release|Win32
		{03ED688B-F818-4B71-BE36-D7812E5F6441}.Release|Win32.Build.0 = Release|Win32
	EndGlobalSection
	GlobalSection(SolutionProperties) = preSolution
		HideSolutionNode = FALSE
	EndGlobalSection
EndGlobal
