
Microsoft Visual Studio Solution File, Format Version 12.00
# Visual Studio 2012
Project("{8BC9CEB8-8B4A-11D0-8D11-00A0C91BC942}") = "filterEven", "filterEven\filterEven.vcxproj", "{13DE432F-8210-4D4E-BC87-76BB9D6E21AC}"
EndProject
Global
	GlobalSection(SolutionConfigurationPlatforms) = preSolution
		Debug|Win32 = Debug|Win32
		Release|Win32 = Release|Win32
	EndGlobalSection
	GlobalSection(ProjectConfigurationPlatforms) = postSolution
		{13DE432F-8210-4D4E-BC87-76BB9D6E21AC}.Debug|Win32.ActiveCfg = Debug|Win32
		{13DE432F-8210-4D4E-BC87-76BB9D6E21AC}.Debug|Win32.Build.0 = Debug|Win32
		{13DE432F-8210-4D4E-BC87-76BB9D6E21AC}.Release|Win32.ActiveCfg = Release|Win32
		{13DE432F-8210-4D4E-BC87-76BB9D6E21AC}.Release|Win32.Build.0 = Release|Win32
	EndGlobalSection
	GlobalSection(SolutionProperties) = preSolution
		HideSolutionNode = FALSE
	EndGlobalSection
EndGlobal
