
Microsoft Visual Studio Solution File, Format Version 12.00
# Visual Studio 2012
Project("{8BC9CEB8-8B4A-11D0-8D11-00A0C91BC942}") = "Expression", "Expression\Expression.vcxproj", "{F1DA1F58-3BBD-4B6C-BF0A-2C5139F0510F}"
EndProject
Global
	GlobalSection(SolutionConfigurationPlatforms) = preSolution
		Debug|Win32 = Debug|Win32
		Release|Win32 = Release|Win32
	EndGlobalSection
	GlobalSection(ProjectConfigurationPlatforms) = postSolution
		{F1DA1F58-3BBD-4B6C-BF0A-2C5139F0510F}.Debug|Win32.ActiveCfg = Debug|Win32
		{F1DA1F58-3BBD-4B6C-BF0A-2C5139F0510F}.Debug|Win32.Build.0 = Debug|Win32
		{F1DA1F58-3BBD-4B6C-BF0A-2C5139F0510F}.Release|Win32.ActiveCfg = Release|Win32
		{F1DA1F58-3BBD-4B6C-BF0A-2C5139F0510F}.Release|Win32.Build.0 = Release|Win32
	EndGlobalSection
	GlobalSection(SolutionProperties) = preSolution
		HideSolutionNode = FALSE
	EndGlobalSection
EndGlobal
